
Microsoft Visual Studio Solution File, Format Version 12.00
# Visual Studio Version 16
VisualStudioVersion = 16.0.32002.261
MinimumVisualStudioVersion = 10.0.40219.1
Project("{FAE04EC0-301F-11D3-BF4B-00C04F79EFBC}") = "Magazin", "Magazin.csproj", "{B2745333-2349-444B-994D-E6A9E74B2366}"
EndProject
Global
	GlobalSection(SolutionConfigurationPlatforms) = preSolution
		Debug|Any CPU = Debug|Any CPU
		Release|Any CPU = Release|Any CPU
	EndGlobalSection
	GlobalSection(ProjectConfigurationPlatforms) = postSolution
		{B2745333-2349-444B-994D-E6A9E74B2366}.Debug|Any CPU.ActiveCfg = Debug|Any CPU
		{B2745333-2349-444B-994D-E6A9E74B2366}.Debug|Any CPU.Build.0 = Debug|Any CPU
		{B2745333-2349-444B-994D-E6A9E74B2366}.Release|Any CPU.ActiveCfg = Release|Any CPU
		{B2745333-2349-444B-994D-E6A9E74B2366}.Release|Any CPU.Build.0 = Release|Any CPU
	EndGlobalSection
	GlobalSection(SolutionProperties) = preSolution
		HideSolutionNode = FALSE
	EndGlobalSection
	GlobalSection(ExtensibilityGlobals) = postSolution
		SolutionGuid = {30F5DBC2-E122-483C-BDBC-9CD4E2537A7A}
	EndGlobalSection
EndGlobal
